
Microsoft Visual Studio Solution File, Format Version 12.00
# Visual Studio Version 16
VisualStudioVersion = 16.0.30413.136
MinimumVisualStudioVersion = 10.0.40219.1
Project("{FAE04EC0-301F-11D3-BF4B-00C04F79EFBC}") = "Audiochan.Web", "src\Audiochan.Web\Audiochan.Web.csproj", "{E7198337-9D92-46A3-979C-B541FC210E3E}"
EndProject
Project("{FAE04EC0-301F-11D3-BF4B-00C04F79EFBC}") = "Audiochan.Core", "src\Audiochan.Core\Audiochan.Core.csproj", "{2D7AD308-3DBC-473E-AF99-387B1BA7FAF4}"
EndProject
Project("{FAE04EC0-301F-11D3-BF4B-00C04F79EFBC}") = "Audiochan.Infrastructure", "src\Audiochan.Infrastructure\Audiochan.Infrastructure.csproj", "{6FEDD65D-7AAE-43C2-BEBF-71ED77064561}"
EndProject
Project("{2150E333-8FDC-42A3-9474-1A3956D46DE8}") = "src", "src", "{1E1DB829-84B6-4B45-92D4-C07C987000E5}"
EndProject
Project("{2150E333-8FDC-42A3-9474-1A3956D46DE8}") = "tests", "tests", "{6320CE6D-E22C-46E3-ACA4-32207BEDEC13}"
EndProject
Project("{FAE04EC0-301F-11D3-BF4B-00C04F79EFBC}") = "Audiochan.UnitTests", "tests\Audiochan.UnitTests\Audiochan.UnitTests.csproj", "{014554AE-524E-43D5-85C6-33A3C3626B4E}"
EndProject
Project("{FAE04EC0-301F-11D3-BF4B-00C04F79EFBC}") = "Audiochan.IntegrationTests", "tests\Audiochan.IntegrationTests\Audiochan.IntegrationTests.csproj", "{52DDA4CF-9ADA-413A-9EE7-F9231B15D52B}"
EndProject
Global
	GlobalSection(SolutionConfigurationPlatforms) = preSolution
		Debug|Any CPU = Debug|Any CPU
		Release|Any CPU = Release|Any CPU
	EndGlobalSection
	GlobalSection(ProjectConfigurationPlatforms) = postSolution
		{E7198337-9D92-46A3-979C-B541FC210E3E}.Debug|Any CPU.ActiveCfg = Debug|Any CPU
		{E7198337-9D92-46A3-979C-B541FC210E3E}.Debug|Any CPU.Build.0 = Debug|Any CPU
		{E7198337-9D92-46A3-979C-B541FC210E3E}.Release|Any CPU.ActiveCfg = Release|Any CPU
		{E7198337-9D92-46A3-979C-B541FC210E3E}.Release|Any CPU.Build.0 = Release|Any CPU
		{2D7AD308-3DBC-473E-AF99-387B1BA7FAF4}.Debug|Any CPU.ActiveCfg = Debug|Any CPU
		{2D7AD308-3DBC-473E-AF99-387B1BA7FAF4}.Debug|Any CPU.Build.0 = Debug|Any CPU
		{2D7AD308-3DBC-473E-AF99-387B1BA7FAF4}.Release|Any CPU.ActiveCfg = Release|Any CPU
		{2D7AD308-3DBC-473E-AF99-387B1BA7FAF4}.Release|Any CPU.Build.0 = Release|Any CPU
		{6FEDD65D-7AAE-43C2-BEBF-71ED77064561}.Debug|Any CPU.ActiveCfg = Debug|Any CPU
		{6FEDD65D-7AAE-43C2-BEBF-71ED77064561}.Debug|Any CPU.Build.0 = Debug|Any CPU
		{6FEDD65D-7AAE-43C2-BEBF-71ED77064561}.Release|Any CPU.ActiveCfg = Release|Any CPU
		{6FEDD65D-7AAE-43C2-BEBF-71ED77064561}.Release|Any CPU.Build.0 = Release|Any CPU
		{014554AE-524E-43D5-85C6-33A3C3626B4E}.Debug|Any CPU.ActiveCfg = Debug|Any CPU
		{014554AE-524E-43D5-85C6-33A3C3626B4E}.Debug|Any CPU.Build.0 = Debug|Any CPU
		{014554AE-524E-43D5-85C6-33A3C3626B4E}.Release|Any CPU.ActiveCfg = Release|Any CPU
		{014554AE-524E-43D5-85C6-33A3C3626B4E}.Release|Any CPU.Build.0 = Release|Any CPU
		{52DDA4CF-9ADA-413A-9EE7-F9231B15D52B}.Debug|Any CPU.ActiveCfg = Debug|Any CPU
		{52DDA4CF-9ADA-413A-9EE7-F9231B15D52B}.Debug|Any CPU.Build.0 = Debug|Any CPU
		{52DDA4CF-9ADA-413A-9EE7-F9231B15D52B}.Release|Any CPU.ActiveCfg = Release|Any CPU
		{52DDA4CF-9ADA-413A-9EE7-F9231B15D52B}.Release|Any CPU.Build.0 = Release|Any CPU
	EndGlobalSection
	GlobalSection(SolutionProperties) = preSolution
		HideSolutionNode = FALSE
	EndGlobalSection
	GlobalSection(ExtensibilityGlobals) = postSolution
		SolutionGuid = {CE7CFEBE-C0D5-4CF9-B823-A451F2C58E6F}
	EndGlobalSection
	GlobalSection(NestedProjects) = preSolution
		{E7198337-9D92-46A3-979C-B541FC210E3E} = {1E1DB829-84B6-4B45-92D4-C07C987000E5}
		{2D7AD308-3DBC-473E-AF99-387B1BA7FAF4} = {1E1DB829-84B6-4B45-92D4-C07C987000E5}
		{6FEDD65D-7AAE-43C2-BEBF-71ED77064561} = {1E1DB829-84B6-4B45-92D4-C07C987000E5}
		{014554AE-524E-43D5-85C6-33A3C3626B4E} = {6320CE6D-E22C-46E3-ACA4-32207BEDEC13}
		{52DDA4CF-9ADA-413A-9EE7-F9231B15D52B} = {6320CE6D-E22C-46E3-ACA4-32207BEDEC13}
	EndGlobalSection
EndGlobal
